
Microsoft Visual Studio Solution File, Format Version 12.00
# Visual Studio Version 17
VisualStudioVersion = 17.13.35825.156
MinimumVisualStudioVersion = 10.0.40219.1
Project("{FAE04EC0-301F-11D3-BF4B-00C04F79EFBC}") = "J1", "J1.csproj", "{031B3A31-CBA3-4F96-9489-B6B00B504704}"
EndProject
Project("{2150E333-8FDC-42A3-9474-1A3956D46DE8}") = "Elementos de la solución", "Elementos de la solución", "{D107F4C8-89CC-BEA8-D3D7-CA6B7733353D}"
	ProjectSection(SolutionItems) = preProject
		..\LoginSeguro-Copia\LoginSeguro.cs = ..\LoginSeguro-Copia\LoginSeguro.cs
	EndProjectSection
EndProject
Global
	GlobalSection(SolutionConfigurationPlatforms) = preSolution
		Debug|Any CPU = Debug|Any CPU
		Release|Any CPU = Release|Any CPU
	EndGlobalSection
	GlobalSection(ProjectConfigurationPlatforms) = postSolution
		{031B3A31-CBA3-4F96-9489-B6B00B504704}.Debug|Any CPU.ActiveCfg = Debug|Any CPU
		{031B3A31-CBA3-4F96-9489-B6B00B504704}.Debug|Any CPU.Build.0 = Debug|Any CPU
		{031B3A31-CBA3-4F96-9489-B6B00B504704}.Release|Any CPU.ActiveCfg = Release|Any CPU
		{031B3A31-CBA3-4F96-9489-B6B00B504704}.Release|Any CPU.Build.0 = Release|Any CPU
	EndGlobalSection
	GlobalSection(SolutionProperties) = preSolution
		HideSolutionNode = FALSE
	EndGlobalSection
	GlobalSection(ExtensibilityGlobals) = postSolution
		SolutionGuid = {B8A3BC6D-B791-491D-9AED-19C51F5CBF70}
	EndGlobalSection
EndGlobal
